
Microsoft Visual Studio Solution File, Format Version 12.00
# Visual Studio Version 16
VisualStudioVersion = 16.0.29806.167
MinimumVisualStudioVersion = 10.0.40219.1
Project("{FAE04EC0-301F-11D3-BF4B-00C04F79EFBC}") = "WebApplication1", "WebApplication1\WebApplication1.csproj", "{D5E8356E-EEB1-43D0-A289-6D38B1B71114}"
EndProject
Global
	GlobalSection(SolutionConfigurationPlatforms) = preSolution
		Debug|Any CPU = Debug|Any CPU
		Release|Any CPU = Release|Any CPU
	EndGlobalSection
	GlobalSection(ProjectConfigurationPlatforms) = postSolution
		{D5E8356E-EEB1-43D0-A289-6D38B1B71114}.Debug|Any CPU.ActiveCfg = Debug|Any CPU
		{D5E8356E-EEB1-43D0-A289-6D38B1B71114}.Debug|Any CPU.Build.0 = Debug|Any CPU
		{D5E8356E-EEB1-43D0-A289-6D38B1B71114}.Release|Any CPU.ActiveCfg = Release|Any CPU
		{D5E8356E-EEB1-43D0-A289-6D38B1B71114}.Release|Any CPU.Build.0 = Release|Any CPU
	EndGlobalSection
	GlobalSection(SolutionProperties) = preSolution
		HideSolutionNode = FALSE
	EndGlobalSection
	GlobalSection(ExtensibilityGlobals) = postSolution
		SolutionGuid = {2EBF3C95-2360-42A0-8B58-CD08F733CD00}
	EndGlobalSection
EndGlobal
